
Microsoft Visual Studio Solution File, Format Version 12.00
# Visual Studio Version 17
VisualStudioVersion = 17.13.35825.156 d17.13
MinimumVisualStudioVersion = 10.0.40219.1
Project("{FAE04EC0-301F-11D3-BF4B-00C04F79EFBC}") = "BlazorApp1", "BlazorApp1.csproj", "{BCCCF913-27FB-4F21-8B49-9B19A22FAEAD}"
EndProject
Global
	GlobalSection(SolutionConfigurationPlatforms) = preSolution
		Debug|Any CPU = Debug|Any CPU
		Release|Any CPU = Release|Any CPU
	EndGlobalSection
	GlobalSection(ProjectConfigurationPlatforms) = postSolution
		{BCCCF913-27FB-4F21-8B49-9B19A22FAEAD}.Debug|Any CPU.ActiveCfg = Debug|Any CPU
		{BCCCF913-27FB-4F21-8B49-9B19A22FAEAD}.Debug|Any CPU.Build.0 = Debug|Any CPU
		{BCCCF913-27FB-4F21-8B49-9B19A22FAEAD}.Release|Any CPU.ActiveCfg = Release|Any CPU
		{BCCCF913-27FB-4F21-8B49-9B19A22FAEAD}.Release|Any CPU.Build.0 = Release|Any CPU
	EndGlobalSection
	GlobalSection(SolutionProperties) = preSolution
		HideSolutionNode = FALSE
	EndGlobalSection
	GlobalSection(ExtensibilityGlobals) = postSolution
		SolutionGuid = {902B89E5-7BB0-47D6-A8E4-09E37FFAA78A}
	EndGlobalSection
EndGlobal
